
Microsoft Visual Studio Solution File, Format Version 12.00
# Visual Studio Version 16
VisualStudioVersion = 16.0.29806.167
MinimumVisualStudioVersion = 10.0.40219.1
Project("{FAE04EC0-301F-11D3-BF4B-00C04F79EFBC}") = "FakeXrmEasy", "FakeXrmEasy\FakeXrmEasy.csproj", "{1FF34479-D38A-4B6B-86A7-B48182403437}"
EndProject
Project("{FAE04EC0-301F-11D3-BF4B-00C04F79EFBC}") = "FakeXrmEasy.Tests", "FakeXrmEasy.Tests\FakeXrmEasy.Tests.csproj", "{3F49C92F-F830-4E59-8042-6A7720367C19}"
EndProject
Project("{2150E333-8FDC-42A3-9474-1A3956D46DE8}") = ".nuget", ".nuget", "{34320DD7-6761-4D34-BC53-8FCC421BD267}"
	ProjectSection(SolutionItems) = preProject
		.nuget\packages.config = .nuget\packages.config
	EndProjectSection
EndProject
Project("{2150E333-8FDC-42A3-9474-1A3956D46DE8}") = "Solution Items", "Solution Items", "{FF0FD95B-2DB2-4E05-A1AB-4FBFB515C7F8}"
	ProjectSection(SolutionItems) = preProject
		.gitattributes = .gitattributes
		.gitignore = .gitignore
		00_boot.bat = 00_boot.bat
		01_boot_and_build.bat = 01_boot_and_build.bat
		02_build.bat = 02_build.bat
		test\reports\badge_branchcoverage.svg = test\reports\badge_branchcoverage.svg
		test\reports\badge_combined.svg = test\reports\badge_combined.svg
		test\reports\badge_linecoverage.svg = test\reports\badge_linecoverage.svg
		build.fsx = build.fsx
		test\reports\combined.js = test\reports\combined.js
		FakeXrmEasy.2011.nuspec = FakeXrmEasy.2011.nuspec
		FakeXrmEasy.2013.nuspec = FakeXrmEasy.2013.nuspec
		FakeXrmEasy.2015.nuspec = FakeXrmEasy.2015.nuspec
		FakeXrmEasy.2016.nuspec = FakeXrmEasy.2016.nuspec
		FakeXrmEasy.365.nuspec = FakeXrmEasy.365.nuspec
		FakeXrmEasy.9.nuspec = FakeXrmEasy.9.nuspec
		test\reports\FakeXrmEasy_AddMemberListRequestExecutor.htm = test\reports\FakeXrmEasy_AddMemberListRequestExecutor.htm
		test\reports\FakeXrmEasy_AssignRequestExecutor.htm = test\reports\FakeXrmEasy_AssignRequestExecutor.htm
		test\reports\FakeXrmEasy_AssociateRequestExecutor.htm = test\reports\FakeXrmEasy_AssociateRequestExecutor.htm
		test\reports\FakeXrmEasy_CreateRequestExecutor.htm = test\reports\FakeXrmEasy_CreateRequestExecutor.htm
		test\reports\FakeXrmEasy_DeleteRequestExecutor.htm = test\reports\FakeXrmEasy_DeleteRequestExecutor.htm
		test\reports\FakeXrmEasy_DisassociateRequestExecutor.htm = test\reports\FakeXrmEasy_DisassociateRequestExecutor.htm
		test\reports\FakeXrmEasy_EntityExtensions.htm = test\reports\FakeXrmEasy_EntityExtensions.htm
		test\reports\FakeXrmEasy_ExecuteMultipleRequestExecutor.htm = test\reports\FakeXrmEasy_ExecuteMultipleRequestExecutor.htm
		test\reports\FakeXrmEasy_ExecuteTransactionExecutor.htm = test\reports\FakeXrmEasy_ExecuteTransactionExecutor.htm
		test\reports\FakeXrmEasy_InsertOptionValueRequestExecutor.htm = test\reports\FakeXrmEasy_InsertOptionValueRequestExecutor.htm
		test\reports\FakeXrmEasy_OrganizationServiceFaultQueryBuilderNoAttributeException.htm = test\reports\FakeXrmEasy_OrganizationServiceFaultQueryBuilderNoAttributeException.htm
		test\reports\FakeXrmEasy_PublishXmlRequestExecutor.htm = test\reports\FakeXrmEasy_PublishXmlRequestExecutor.htm
		test\reports\FakeXrmEasy_PullRequestException.htm = test\reports\FakeXrmEasy_PullRequestException.htm
		test\reports\FakeXrmEasy_RetrieveAttributeRequestExecutor.htm = test\reports\FakeXrmEasy_RetrieveAttributeRequestExecutor.htm
		test\reports\FakeXrmEasy_RetrieveMultipleRequestExecutor.htm = test\reports\FakeXrmEasy_RetrieveMultipleRequestExecutor.htm
		test\reports\FakeXrmEasy_SetStateRequestExecutor.htm = test\reports\FakeXrmEasy_SetStateRequestExecutor.htm
		test\reports\FakeXrmEasy_TypeExtensions.htm = test\reports\FakeXrmEasy_TypeExtensions.htm
		test\reports\FakeXrmEasy_UpdateRequestExecutor.htm = test\reports\FakeXrmEasy_UpdateRequestExecutor.htm
		test\reports\FakeXrmEasy_WhoAmIRequestExecutor.htm = test\reports\FakeXrmEasy_WhoAmIRequestExecutor.htm
		test\reports\FakeXrmEasy_XmlExtensionsForFetchXml.htm = test\reports\FakeXrmEasy_XmlExtensionsForFetchXml.htm
		test\reports\FakeXrmEasy_XrmFakedContext.htm = test\reports\FakeXrmEasy_XrmFakedContext.htm
		test\reports\FakeXrmEasy_XrmFakedPluginExecutionContext.htm = test\reports\FakeXrmEasy_XrmFakedPluginExecutionContext.htm
		test\reports\FakeXrmEasy_XrmFakedRelationship.htm = test\reports\FakeXrmEasy_XrmFakedRelationship.htm
		test\reports\FakeXrmEasy_XrmFakedTracingService.htm = test\reports\FakeXrmEasy_XrmFakedTracingService.htm
		test\reports\FakeXrmEasy_XrmFakedWorkflowContext.htm = test\reports\FakeXrmEasy_XrmFakedWorkflowContext.htm
		test\reports\FakeXrmEasy_XrmOrderByAttributeComparer.htm = test\reports\FakeXrmEasy_XrmOrderByAttributeComparer.htm
		test\reports\index.htm = test\reports\index.htm
		LICENSE.md = LICENSE.md
		tools\nuget\nuget286.exe = tools\nuget\nuget286.exe
		test\reports\pic_branch0.png = test\reports\pic_branch0.png
		test\reports\pic_branch10.png = test\reports\pic_branch10.png
		test\reports\pic_branch100.png = test\reports\pic_branch100.png
		test\reports\pic_branch20.png = test\reports\pic_branch20.png
		test\reports\pic_branch30.png = test\reports\pic_branch30.png
		test\reports\pic_branch40.png = test\reports\pic_branch40.png
		test\reports\pic_branch50.png = test\reports\pic_branch50.png
		test\reports\pic_branch60.png = test\reports\pic_branch60.png
		test\reports\pic_branch70.png = test\reports\pic_branch70.png
		test\reports\pic_branch80.png = test\reports\pic_branch80.png
		test\reports\pic_branch90.png = test\reports\pic_branch90.png
		test\reports\pic_collapsed.png = test\reports\pic_collapsed.png
		test\reports\pic_expanded.png = test\reports\pic_expanded.png
		test\reports\pic_pin_pinned.png = test\reports\pic_pin_pinned.png
		test\reports\pic_pin_unpinned.png = test\reports\pic_pin_unpinned.png
		test\reports\pic_sortactive_asc.png = test\reports\pic_sortactive_asc.png
		test\reports\pic_sortactive_desc.png = test\reports\pic_sortactive_desc.png
		test\reports\pic_sortinactive.png = test\reports\pic_sortinactive.png
		README.md = README.md
		test\reports\report.css = test\reports\report.css
		System.Activities.dll = System.Activities.dll
		System.ServiceModel.Internals.dll = System.ServiceModel.Internals.dll
		xunit.dll = xunit.dll
	EndProjectSection
EndProject
Project("{2150E333-8FDC-42A3-9474-1A3956D46DE8}") = "packages", "packages", "{0C674033-581D-4EB9-A2A2-79D77ABE0207}"
EndProject
Project("{2150E333-8FDC-42A3-9474-1A3956D46DE8}") = "packages", "packages", "{F2B94F3A-7821-4BE1-8BAC-2B7FA07FEA93}"
	ProjectSection(SolutionItems) = preProject
		packages\repositories.config = packages\repositories.config
	EndProjectSection
EndProject
Project("{FAE04EC0-301F-11D3-BF4B-00C04F79EFBC}") = "FakeXrmEasy.2013", "FakeXrmEasy.2013\FakeXrmEasy.2013.csproj", "{112188E6-C759-4B2E-B5AE-54E722E26806}"
EndProject
Project("{FAE04EC0-301F-11D3-BF4B-00C04F79EFBC}") = "FakeXrmEasy.Tests.2013", "FakeXrmEasy.Tests.2013\FakeXrmEasy.Tests.2013.csproj", "{5211B83C-12A0-423F-B8CF-61F9C650F525}"
EndProject
Project("{FAE04EC0-301F-11D3-BF4B-00C04F79EFBC}") = "FakeXrmEasy.2015", "FakeXrmEasy.2015\FakeXrmEasy.2015.csproj", "{EFD34E08-A235-462E-A853-BD9559112C15}"
EndProject
Project("{FAE04EC0-301F-11D3-BF4B-00C04F79EFBC}") = "FakeXrmEasy.Tests.2015", "FakeXrmEasy.Tests.2015\FakeXrmEasy.Tests.2015.csproj", "{19A1F076-FBE5-42FD-9792-B98D90615B6F}"
EndProject
Project("{FAE04EC0-301F-11D3-BF4B-00C04F79EFBC}") = "FakeXrmEasy.2016", "FakeXrmEasy.2016\FakeXrmEasy.2016.csproj", "{08798EE6-7D8C-478E-A102-9424AD5DD321}"
EndProject
Project("{FAE04EC0-301F-11D3-BF4B-00C04F79EFBC}") = "FakeXrmEasy.Tests.2016", "FakeXrmEasy.Tests.2016\FakeXrmEasy.Tests.2016.csproj", "{590B304F-64CD-4112-B067-F3F8DB6B09D3}"
EndProject
Project("{D954291E-2A0B-460D-934E-DC6B0785DB48}") = "FakeXrmEasy.Shared", "FakeXrmEasy.Shared\FakeXrmEasy.Shared.shproj", "{D659CC6B-7192-4236-AE49-92881F9BE563}"
EndProject
Project("{D954291E-2A0B-460D-934E-DC6B0785DB48}") = "FakeXrmEasy.Tests.Shared", "FakeXrmEasy.Tests.Shared\FakeXrmEasy.Tests.Shared.shproj", "{3D747BA8-0C4C-456B-8C3B-F4320E256E55}"
EndProject
Project("{2150E333-8FDC-42A3-9474-1A3956D46DE8}") = "Install-Scripts", "Install-Scripts", "{7B1103ED-3843-4670-A8DB-F462B4C8FBE2}"
EndProject
Project("{2150E333-8FDC-42A3-9474-1A3956D46DE8}") = "2011", "2011", "{567B5E0A-4A07-4C25-850B-2A94D3640E09}"
	ProjectSection(SolutionItems) = preProject
		Install-scripts\2011\Install.ps1 = Install-scripts\2011\Install.ps1
	EndProjectSection
EndProject
Project("{2150E333-8FDC-42A3-9474-1A3956D46DE8}") = "2013", "2013", "{BE9266F9-B556-4D08-8F2F-620336EFCB0C}"
	ProjectSection(SolutionItems) = preProject
		Install-scripts\2013\Install.ps1 = Install-scripts\2013\Install.ps1
	EndProjectSection
EndProject
Project("{2150E333-8FDC-42A3-9474-1A3956D46DE8}") = "2015", "2015", "{D195513F-CEAE-408B-9197-10149D596773}"
	ProjectSection(SolutionItems) = preProject
		Install-scripts\2015\Install.ps1 = Install-scripts\2015\Install.ps1
	EndProjectSection
EndProject
Project("{2150E333-8FDC-42A3-9474-1A3956D46DE8}") = "2016", "2016", "{4E6ACD78-CFB2-4A44-86FC-3D77E609555E}"
	ProjectSection(SolutionItems) = preProject
		Install-scripts\2016\Install.ps1 = Install-scripts\2016\Install.ps1
	EndProjectSection
EndProject
Project("{2150E333-8FDC-42A3-9474-1A3956D46DE8}") = "test", "test", "{6F09E415-3E7D-468E-A1D4-74A8C43267BB}"
EndProject
Project("{2150E333-8FDC-42A3-9474-1A3956D46DE8}") = "reports", "reports", "{2AFDE012-E9AE-4BDD-A664-445C121466D1}"
	ProjectSection(SolutionItems) = preProject
		test\reports\badge_branchcoverage.svg = test\reports\badge_branchcoverage.svg
		test\reports\badge_combined.svg = test\reports\badge_combined.svg
		test\reports\badge_linecoverage.svg = test\reports\badge_linecoverage.svg
		test\reports\combined.js = test\reports\combined.js
		test\reports\FakeXrmEasy_AccessRightsRepository.htm = test\reports\FakeXrmEasy_AccessRightsRepository.htm
		test\reports\FakeXrmEasy_AddListMembersListRequestExecutor.htm = test\reports\FakeXrmEasy_AddListMembersListRequestExecutor.htm
		test\reports\FakeXrmEasy_AddMemberListRequestExecutor.htm = test\reports\FakeXrmEasy_AddMemberListRequestExecutor.htm
		test\reports\FakeXrmEasy_AddToQueueRequestExecutor.htm = test\reports\FakeXrmEasy_AddToQueueRequestExecutor.htm
		test\reports\FakeXrmEasy_AddUserToRecordTeamRequestExecutor.htm = test\reports\FakeXrmEasy_AddUserToRecordTeamRequestExecutor.htm
		test\reports\FakeXrmEasy_ArrayExtensions.htm = test\reports\FakeXrmEasy_ArrayExtensions.htm
		test\reports\FakeXrmEasy_ArrayTraverse.htm = test\reports\FakeXrmEasy_ArrayTraverse.htm
		test\reports\FakeXrmEasy_AssignRequestExecutor.htm = test\reports\FakeXrmEasy_AssignRequestExecutor.htm
		test\reports\FakeXrmEasy_AssociateRequestExecutor.htm = test\reports\FakeXrmEasy_AssociateRequestExecutor.htm
		test\reports\FakeXrmEasy_CloseIncidentRequestExecutor.htm = test\reports\FakeXrmEasy_CloseIncidentRequestExecutor.htm
		test\reports\FakeXrmEasy_CloseQuoteRequestExecutor.htm = test\reports\FakeXrmEasy_CloseQuoteRequestExecutor.htm
		test\reports\FakeXrmEasy_CreateRequestExecutor.htm = test\reports\FakeXrmEasy_CreateRequestExecutor.htm
		test\reports\FakeXrmEasy_DefaultEntityInitializerService.htm = test\reports\FakeXrmEasy_DefaultEntityInitializerService.htm
		test\reports\FakeXrmEasy_DeleteRequestExecutor.htm = test\reports\FakeXrmEasy_DeleteRequestExecutor.htm
		test\reports\FakeXrmEasy_DisassociateRequestExecutor.htm = test\reports\FakeXrmEasy_DisassociateRequestExecutor.htm
		test\reports\FakeXrmEasy_EntityExtensions.htm = test\reports\FakeXrmEasy_EntityExtensions.htm
		test\reports\FakeXrmEasy_EntityMetadataExtensions.htm = test\reports\FakeXrmEasy_EntityMetadataExtensions.htm
		test\reports\FakeXrmEasy_ExecuteFetchRequestExecutor.htm = test\reports\FakeXrmEasy_ExecuteFetchRequestExecutor.htm
		test\reports\FakeXrmEasy_ExecuteMultipleRequestExecutor.htm = test\reports\FakeXrmEasy_ExecuteMultipleRequestExecutor.htm
		test\reports\FakeXrmEasy_ExecuteTransactionExecutor.htm = test\reports\FakeXrmEasy_ExecuteTransactionExecutor.htm
		test\reports\FakeXrmEasy_GrantAccessRequestExecutor.htm = test\reports\FakeXrmEasy_GrantAccessRequestExecutor.htm
		test\reports\FakeXrmEasy_InitializeFromRequestExecutor.htm = test\reports\FakeXrmEasy_InitializeFromRequestExecutor.htm
		test\reports\FakeXrmEasy_InsertOptionValueRequestExecutor.htm = test\reports\FakeXrmEasy_InsertOptionValueRequestExecutor.htm
		test\reports\FakeXrmEasy_InvoiceDetailInitializerService.htm = test\reports\FakeXrmEasy_InvoiceDetailInitializerService.htm
		test\reports\FakeXrmEasy_InvoiceInitializerService.htm = test\reports\FakeXrmEasy_InvoiceInitializerService.htm
		test\reports\FakeXrmEasy_LoseOpportunityRequestExecutor.htm = test\reports\FakeXrmEasy_LoseOpportunityRequestExecutor.htm
		test\reports\FakeXrmEasy_ModifyAccessRequestExecutor.htm = test\reports\FakeXrmEasy_ModifyAccessRequestExecutor.htm
		test\reports\FakeXrmEasy_NavigateToNextEntityOrganizationRequestExecutor.htm = test\reports\FakeXrmEasy_NavigateToNextEntityOrganizationRequestExecutor.htm
		test\reports\FakeXrmEasy_ObjectExtensions.htm = test\reports\FakeXrmEasy_ObjectExtensions.htm
		test\reports\FakeXrmEasy_OrganizationServiceFaultQueryBuilderNoAttributeException.htm = test\reports\FakeXrmEasy_OrganizationServiceFaultQueryBuilderNoAttributeException.htm
		test\reports\FakeXrmEasy_PickFromQueueRequestExecutor.htm = test\reports\FakeXrmEasy_PickFromQueueRequestExecutor.htm
		test\reports\FakeXrmEasy_PublishXmlRequestExecutor.htm = test\reports\FakeXrmEasy_PublishXmlRequestExecutor.htm
		test\reports\FakeXrmEasy_PullRequestException.htm = test\reports\FakeXrmEasy_PullRequestException.htm
		test\reports\FakeXrmEasy_QualifyLeadRequestExecutor.htm = test\reports\FakeXrmEasy_QualifyLeadRequestExecutor.htm
		test\reports\FakeXrmEasy_QueryExpressionExtensions.htm = test\reports\FakeXrmEasy_QueryExpressionExtensions.htm
		test\reports\FakeXrmEasy_ReferenceEqualityComparer.htm = test\reports\FakeXrmEasy_ReferenceEqualityComparer.htm
		test\reports\FakeXrmEasy_RemoveFromQueueRequestExecutor.htm = test\reports\FakeXrmEasy_RemoveFromQueueRequestExecutor.htm
		test\reports\FakeXrmEasy_RetrieveAttributeRequestExecutor.htm = test\reports\FakeXrmEasy_RetrieveAttributeRequestExecutor.htm
		test\reports\FakeXrmEasy_RetrieveEntityRequestExecutor.htm = test\reports\FakeXrmEasy_RetrieveEntityRequestExecutor.htm
		test\reports\FakeXrmEasy_RetrieveMultipleRequestExecutor.htm = test\reports\FakeXrmEasy_RetrieveMultipleRequestExecutor.htm
		test\reports\FakeXrmEasy_RetrieveOptionSetRequestExecutor.htm = test\reports\FakeXrmEasy_RetrieveOptionSetRequestExecutor.htm
		test\reports\FakeXrmEasy_RetrievePrincipalAccessRequestExecutor.htm = test\reports\FakeXrmEasy_RetrievePrincipalAccessRequestExecutor.htm
		test\reports\FakeXrmEasy_RetrieveRelationshipRequestExecutor.htm = test\reports\FakeXrmEasy_RetrieveRelationshipRequestExecutor.htm
		test\reports\FakeXrmEasy_RetrieveRequestExecutor.htm = test\reports\FakeXrmEasy_RetrieveRequestExecutor.htm
		test\reports\FakeXrmEasy_RetrieveSharedPrincipalsAndAccessRequestExecutor.htm = test\reports\FakeXrmEasy_RetrieveSharedPrincipalsAndAccessRequestExecutor.htm
		test\reports\FakeXrmEasy_RetrieveVersionRequestExecutor.htm = test\reports\FakeXrmEasy_RetrieveVersionRequestExecutor.htm
		test\reports\FakeXrmEasy_ReviseQuoteRequestExecutor.htm = test\reports\FakeXrmEasy_ReviseQuoteRequestExecutor.htm
		test\reports\FakeXrmEasy_RevokeAccessRequestExecutor.htm = test\reports\FakeXrmEasy_RevokeAccessRequestExecutor.htm
		test\reports\FakeXrmEasy_SetStateRequestExecutor.htm = test\reports\FakeXrmEasy_SetStateRequestExecutor.htm
		test\reports\FakeXrmEasy_TypedConditionExpression.htm = test\reports\FakeXrmEasy_TypedConditionExpression.htm
		test\reports\FakeXrmEasy_TypeExtensions.htm = test\reports\FakeXrmEasy_TypeExtensions.htm
		test\reports\FakeXrmEasy_UpdateRequestExecutor.htm = test\reports\FakeXrmEasy_UpdateRequestExecutor.htm
		test\reports\FakeXrmEasy_WhoAmIRequestExecutor.htm = test\reports\FakeXrmEasy_WhoAmIRequestExecutor.htm
		test\reports\FakeXrmEasy_WinOpportunityRequestExecutor.htm = test\reports\FakeXrmEasy_WinOpportunityRequestExecutor.htm
		test\reports\FakeXrmEasy_XmlExtensionsForFetchXml.htm = test\reports\FakeXrmEasy_XmlExtensionsForFetchXml.htm
		test\reports\FakeXrmEasy_XrmFakedContext.htm = test\reports\FakeXrmEasy_XrmFakedContext.htm
		test\reports\FakeXrmEasy_XrmFakedPluginExecutionContext.htm = test\reports\FakeXrmEasy_XrmFakedPluginExecutionContext.htm
		test\reports\FakeXrmEasy_XrmFakedRelationship.htm = test\reports\FakeXrmEasy_XrmFakedRelationship.htm
		test\reports\FakeXrmEasy_XrmFakedTracingService.htm = test\reports\FakeXrmEasy_XrmFakedTracingService.htm
		test\reports\FakeXrmEasy_XrmFakedWorkflowContext.htm = test\reports\FakeXrmEasy_XrmFakedWorkflowContext.htm
		test\reports\FakeXrmEasy_XrmOrderByAttributeComparer.htm = test\reports\FakeXrmEasy_XrmOrderByAttributeComparer.htm
		test\reports\FakeXrmEasy_XrmRealContext.htm = test\reports\FakeXrmEasy_XrmRealContext.htm
		test\reports\index.htm = test\reports\index.htm
		test\reports\pic_branch0.png = test\reports\pic_branch0.png
		test\reports\pic_branch10.png = test\reports\pic_branch10.png
		test\reports\pic_branch100.png = test\reports\pic_branch100.png
		test\reports\pic_branch20.png = test\reports\pic_branch20.png
		test\reports\pic_branch30.png = test\reports\pic_branch30.png
		test\reports\pic_branch40.png = test\reports\pic_branch40.png
		test\reports\pic_branch50.png = test\reports\pic_branch50.png
		test\reports\pic_branch60.png = test\reports\pic_branch60.png
		test\reports\pic_branch70.png = test\reports\pic_branch70.png
		test\reports\pic_branch80.png = test\reports\pic_branch80.png
		test\reports\pic_branch90.png = test\reports\pic_branch90.png
		test\reports\pic_collapsed.png = test\reports\pic_collapsed.png
		test\reports\pic_expanded.png = test\reports\pic_expanded.png
		test\reports\pic_pin_pinned.png = test\reports\pic_pin_pinned.png
		test\reports\pic_pin_unpinned.png = test\reports\pic_pin_unpinned.png
		test\reports\pic_sortactive_asc.png = test\reports\pic_sortactive_asc.png
		test\reports\pic_sortactive_desc.png = test\reports\pic_sortactive_desc.png
		test\reports\pic_sortinactive.png = test\reports\pic_sortinactive.png
		test\reports\report.css = test\reports\report.css
	EndProjectSection
EndProject
Project("{FAE04EC0-301F-11D3-BF4B-00C04F79EFBC}") = "FakeXrmEasy.365", "FakeXrmEasy.365\FakeXrmEasy.365.csproj", "{BA4E8486-58FB-458A-80B9-09EC721BA2B7}"
EndProject
Project("{FAE04EC0-301F-11D3-BF4B-00C04F79EFBC}") = "FakeXrmEasy.Tests.365", "FakeXrmEasy.Tests.365\FakeXrmEasy.Tests.365.csproj", "{2290F5CB-9FF9-42EE-9602-D7222E05DCBA}"
EndProject
Project("{2150E333-8FDC-42A3-9474-1A3956D46DE8}") = "365", "365", "{DABE779C-7900-4357-A67E-890FCE4B67BD}"
	ProjectSection(SolutionItems) = preProject
		Install-scripts\365\Install.ps1 = Install-scripts\365\Install.ps1
	EndProjectSection
EndProject
Project("{FAE04EC0-301F-11D3-BF4B-00C04F79EFBC}") = "FakeXrmEasy.9", "FakeXrmEasy.9\FakeXrmEasy.9.csproj", "{33BA68B6-1085-4110-ACFC-D4EDCF3FBC32}"
EndProject
Project("{FAE04EC0-301F-11D3-BF4B-00C04F79EFBC}") = "FakeXrmEasy.Tests.9", "FakeXrmEasy.Tests.9\FakeXrmEasy.Tests.9.csproj", "{783F88EA-F23F-48F4-9089-8B0AD8AE1772}"
EndProject
Project("{2150E333-8FDC-42A3-9474-1A3956D46DE8}") = "9", "9", "{A4AE544E-ECE6-4EF9-B60A-C2BE7428EA14}"
	ProjectSection(SolutionItems) = preProject
		Install-scripts\9\Install.ps1 = Install-scripts\9\Install.ps1
	EndProjectSection
EndProject
Project("{FAE04EC0-301F-11D3-BF4B-00C04F79EFBC}") = "FakeXrmEasy.Cds.Client", "FakeXrmEasy.Cds.Client\FakeXrmEasy.Cds.Client.csproj", "{32370866-550A-4669-BB19-0983E0654746}"
EndProject
Global
	GlobalSection(SharedMSBuildProjectFiles) = preSolution
		FakeXrmEasy.Shared\FakeXrmEasy.Shared.projitems*{08798ee6-7d8c-478e-a102-9424ad5dd321}*SharedItemsImports = 4
		FakeXrmEasy.Shared\FakeXrmEasy.Shared.projitems*{112188e6-c759-4b2e-b5ae-54e722e26806}*SharedItemsImports = 4
		FakeXrmEasy.Tests.Shared\FakeXrmEasy.Tests.Shared.projitems*{19a1f076-fbe5-42fd-9792-b98d90615b6f}*SharedItemsImports = 4
		FakeXrmEasy.Shared\FakeXrmEasy.Shared.projitems*{1ff34479-d38a-4b6b-86a7-b48182403437}*SharedItemsImports = 4
		FakeXrmEasy.Tests.Shared\FakeXrmEasy.Tests.Shared.projitems*{2290f5cb-9ff9-42ee-9602-d7222e05dcba}*SharedItemsImports = 4
		FakeXrmEasy.Shared\FakeXrmEasy.Shared.projitems*{33ba68b6-1085-4110-acfc-d4edcf3fbc32}*SharedItemsImports = 4
		FakeXrmEasy.Tests.Shared\FakeXrmEasy.Tests.Shared.projitems*{3d747ba8-0c4c-456b-8c3b-f4320e256e55}*SharedItemsImports = 13
		FakeXrmEasy.Tests.Shared\FakeXrmEasy.Tests.Shared.projitems*{3f49c92f-f830-4e59-8042-6a7720367c19}*SharedItemsImports = 4
		FakeXrmEasy.Tests.Shared\FakeXrmEasy.Tests.Shared.projitems*{5211b83c-12a0-423f-b8cf-61f9c650f525}*SharedItemsImports = 4
		FakeXrmEasy.Tests.Shared\FakeXrmEasy.Tests.Shared.projitems*{590b304f-64cd-4112-b067-f3f8db6b09d3}*SharedItemsImports = 4
		FakeXrmEasy.Tests.Shared\FakeXrmEasy.Tests.Shared.projitems*{783f88ea-f23f-48f4-9089-8b0ad8ae1772}*SharedItemsImports = 4
		FakeXrmEasy.Shared\FakeXrmEasy.Shared.projitems*{ba4e8486-58fb-458a-80b9-09ec721ba2b7}*SharedItemsImports = 4
		FakeXrmEasy.Shared\FakeXrmEasy.Shared.projitems*{d659cc6b-7192-4236-ae49-92881f9be563}*SharedItemsImports = 13
		FakeXrmEasy.Shared\FakeXrmEasy.Shared.projitems*{efd34e08-a235-462e-a853-bd9559112c15}*SharedItemsImports = 4
	EndGlobalSection
	GlobalSection(SolutionConfigurationPlatforms) = preSolution
		Debug|Any CPU = Debug|Any CPU
		Release|Any CPU = Release|Any CPU
	EndGlobalSection
	GlobalSection(ProjectConfigurationPlatforms) = postSolution
		{1FF34479-D38A-4B6B-86A7-B48182403437}.Debug|Any CPU.ActiveCfg = Debug|Any CPU
		{1FF34479-D38A-4B6B-86A7-B48182403437}.Debug|Any CPU.Build.0 = Debug|Any CPU
		{1FF34479-D38A-4B6B-86A7-B48182403437}.Release|Any CPU.ActiveCfg = Release|Any CPU
		{1FF34479-D38A-4B6B-86A7-B48182403437}.Release|Any CPU.Build.0 = Release|Any CPU
		{3F49C92F-F830-4E59-8042-6A7720367C19}.Debug|Any CPU.ActiveCfg = Debug|Any CPU
		{3F49C92F-F830-4E59-8042-6A7720367C19}.Debug|Any CPU.Build.0 = Debug|Any CPU
		{3F49C92F-F830-4E59-8042-6A7720367C19}.Release|Any CPU.ActiveCfg = Release|Any CPU
		{3F49C92F-F830-4E59-8042-6A7720367C19}.Release|Any CPU.Build.0 = Release|Any CPU
		{112188E6-C759-4B2E-B5AE-54E722E26806}.Debug|Any CPU.ActiveCfg = Debug|Any CPU
		{112188E6-C759-4B2E-B5AE-54E722E26806}.Debug|Any CPU.Build.0 = Debug|Any CPU
		{112188E6-C759-4B2E-B5AE-54E722E26806}.Release|Any CPU.ActiveCfg = Release|Any CPU
		{112188E6-C759-4B2E-B5AE-54E722E26806}.Release|Any CPU.Build.0 = Release|Any CPU
		{5211B83C-12A0-423F-B8CF-61F9C650F525}.Debug|Any CPU.ActiveCfg = Debug|Any CPU
		{5211B83C-12A0-423F-B8CF-61F9C650F525}.Debug|Any CPU.Build.0 = Debug|Any CPU
		{5211B83C-12A0-423F-B8CF-61F9C650F525}.Release|Any CPU.ActiveCfg = Release|Any CPU
		{5211B83C-12A0-423F-B8CF-61F9C650F525}.Release|Any CPU.Build.0 = Release|Any CPU
		{EFD34E08-A235-462E-A853-BD9559112C15}.Debug|Any CPU.ActiveCfg = Debug|Any CPU
		{EFD34E08-A235-462E-A853-BD9559112C15}.Debug|Any CPU.Build.0 = Debug|Any CPU
		{EFD34E08-A235-462E-A853-BD9559112C15}.Release|Any CPU.ActiveCfg = Release|Any CPU
		{EFD34E08-A235-462E-A853-BD9559112C15}.Release|Any CPU.Build.0 = Release|Any CPU
		{19A1F076-FBE5-42FD-9792-B98D90615B6F}.Debug|Any CPU.ActiveCfg = Debug|Any CPU
		{19A1F076-FBE5-42FD-9792-B98D90615B6F}.Debug|Any CPU.Build.0 = Debug|Any CPU
		{19A1F076-FBE5-42FD-9792-B98D90615B6F}.Release|Any CPU.ActiveCfg = Release|Any CPU
		{19A1F076-FBE5-42FD-9792-B98D90615B6F}.Release|Any CPU.Build.0 = Release|Any CPU
		{08798EE6-7D8C-478E-A102-9424AD5DD321}.Debug|Any CPU.ActiveCfg = Debug|Any CPU
		{08798EE6-7D8C-478E-A102-9424AD5DD321}.Debug|Any CPU.Build.0 = Debug|Any CPU
		{08798EE6-7D8C-478E-A102-9424AD5DD321}.Release|Any CPU.ActiveCfg = Release|Any CPU
		{08798EE6-7D8C-478E-A102-9424AD5DD321}.Release|Any CPU.Build.0 = Release|Any CPU
		{590B304F-64CD-4112-B067-F3F8DB6B09D3}.Debug|Any CPU.ActiveCfg = Debug|Any CPU
		{590B304F-64CD-4112-B067-F3F8DB6B09D3}.Debug|Any CPU.Build.0 = Debug|Any CPU
		{590B304F-64CD-4112-B067-F3F8DB6B09D3}.Release|Any CPU.ActiveCfg = Release|Any CPU
		{590B304F-64CD-4112-B067-F3F8DB6B09D3}.Release|Any CPU.Build.0 = Release|Any CPU
		{BA4E8486-58FB-458A-80B9-09EC721BA2B7}.Debug|Any CPU.ActiveCfg = Debug|Any CPU
		{BA4E8486-58FB-458A-80B9-09EC721BA2B7}.Debug|Any CPU.Build.0 = Debug|Any CPU
		{BA4E8486-58FB-458A-80B9-09EC721BA2B7}.Release|Any CPU.ActiveCfg = Release|Any CPU
		{BA4E8486-58FB-458A-80B9-09EC721BA2B7}.Release|Any CPU.Build.0 = Release|Any CPU
		{2290F5CB-9FF9-42EE-9602-D7222E05DCBA}.Debug|Any CPU.ActiveCfg = Debug|Any CPU
		{2290F5CB-9FF9-42EE-9602-D7222E05DCBA}.Debug|Any CPU.Build.0 = Debug|Any CPU
		{2290F5CB-9FF9-42EE-9602-D7222E05DCBA}.Release|Any CPU.ActiveCfg = Release|Any CPU
		{2290F5CB-9FF9-42EE-9602-D7222E05DCBA}.Release|Any CPU.Build.0 = Release|Any CPU
		{33BA68B6-1085-4110-ACFC-D4EDCF3FBC32}.Debug|Any CPU.ActiveCfg = Debug|Any CPU
		{33BA68B6-1085-4110-ACFC-D4EDCF3FBC32}.Debug|Any CPU.Build.0 = Debug|Any CPU
		{33BA68B6-1085-4110-ACFC-D4EDCF3FBC32}.Release|Any CPU.ActiveCfg = Release|Any CPU
		{33BA68B6-1085-4110-ACFC-D4EDCF3FBC32}.Release|Any CPU.Build.0 = Release|Any CPU
		{783F88EA-F23F-48F4-9089-8B0AD8AE1772}.Debug|Any CPU.ActiveCfg = Debug|Any CPU
		{783F88EA-F23F-48F4-9089-8B0AD8AE1772}.Debug|Any CPU.Build.0 = Debug|Any CPU
		{783F88EA-F23F-48F4-9089-8B0AD8AE1772}.Release|Any CPU.ActiveCfg = Release|Any CPU
		{783F88EA-F23F-48F4-9089-8B0AD8AE1772}.Release|Any CPU.Build.0 = Release|Any CPU
		{32370866-550A-4669-BB19-0983E0654746}.Debug|Any CPU.ActiveCfg = Debug|Any CPU
		{32370866-550A-4669-BB19-0983E0654746}.Debug|Any CPU.Build.0 = Debug|Any CPU
		{32370866-550A-4669-BB19-0983E0654746}.Release|Any CPU.ActiveCfg = Release|Any CPU
		{32370866-550A-4669-BB19-0983E0654746}.Release|Any CPU.Build.0 = Release|Any CPU
	EndGlobalSection
	GlobalSection(SolutionProperties) = preSolution
		HideSolutionNode = FALSE
	EndGlobalSection
	GlobalSection(NestedProjects) = preSolution
		{F2B94F3A-7821-4BE1-8BAC-2B7FA07FEA93} = {FF0FD95B-2DB2-4E05-A1AB-4FBFB515C7F8}
		{7B1103ED-3843-4670-A8DB-F462B4C8FBE2} = {FF0FD95B-2DB2-4E05-A1AB-4FBFB515C7F8}
		{567B5E0A-4A07-4C25-850B-2A94D3640E09} = {7B1103ED-3843-4670-A8DB-F462B4C8FBE2}
		{BE9266F9-B556-4D08-8F2F-620336EFCB0C} = {7B1103ED-3843-4670-A8DB-F462B4C8FBE2}
		{D195513F-CEAE-408B-9197-10149D596773} = {7B1103ED-3843-4670-A8DB-F462B4C8FBE2}
		{4E6ACD78-CFB2-4A44-86FC-3D77E609555E} = {7B1103ED-3843-4670-A8DB-F462B4C8FBE2}
		{2AFDE012-E9AE-4BDD-A664-445C121466D1} = {6F09E415-3E7D-468E-A1D4-74A8C43267BB}
		{DABE779C-7900-4357-A67E-890FCE4B67BD} = {7B1103ED-3843-4670-A8DB-F462B4C8FBE2}
		{A4AE544E-ECE6-4EF9-B60A-C2BE7428EA14} = {7B1103ED-3843-4670-A8DB-F462B4C8FBE2}
	EndGlobalSection
	GlobalSection(ExtensibilityGlobals) = postSolution
		SolutionGuid = {E04D514E-D843-420A-A7F2-FDBE783ED378}
	EndGlobalSection
	GlobalSection(CRMSolutionProperties) = preSolution
		SolutionIsBoundToCRM = True
	EndGlobalSection
EndGlobal
