
Microsoft Visual Studio Solution File, Format Version 12.00
# Visual Studio 14
VisualStudioVersion = 14.0.24720.0
MinimumVisualStudioVersion = 10.0.40219.1
Project("{FAE04EC0-301F-11D3-BF4B-00C04F79EFBC}") = "FakeXrmEasy", "FakeXrmEasy\FakeXrmEasy.csproj", "{1FF34479-D38A-4B6B-86A7-B48182403437}"
EndProject
Project("{FAE04EC0-301F-11D3-BF4B-00C04F79EFBC}") = "FakeXrmEasy.Tests", "FakeXrmEasy.Tests\FakeXrmEasy.Tests.csproj", "{3F49C92F-F830-4E59-8042-6A7720367C19}"
EndProject
Project("{2150E333-8FDC-42A3-9474-1A3956D46DE8}") = ".nuget", ".nuget", "{34320DD7-6761-4D34-BC53-8FCC421BD267}"
	ProjectSection(SolutionItems) = preProject
		.nuget\packages.config = .nuget\packages.config
	EndProjectSection
EndProject
Project("{2150E333-8FDC-42A3-9474-1A3956D46DE8}") = "Solution Items", "Solution Items", "{FF0FD95B-2DB2-4E05-A1AB-4FBFB515C7F8}"
	ProjectSection(SolutionItems) = preProject
		.gitattributes = .gitattributes
		.gitignore = .gitignore
		LICENSE.md = LICENSE.md
		README.md = README.md
		System.Activities.dll = System.Activities.dll
		System.ServiceModel.Internals.dll = System.ServiceModel.Internals.dll
		xunit.dll = xunit.dll
	EndProjectSection
EndProject
Project("{2150E333-8FDC-42A3-9474-1A3956D46DE8}") = "packages", "packages", "{0C674033-581D-4EB9-A2A2-79D77ABE0207}"
EndProject
Project("{2150E333-8FDC-42A3-9474-1A3956D46DE8}") = "packages", "packages", "{F2B94F3A-7821-4BE1-8BAC-2B7FA07FEA93}"
	ProjectSection(SolutionItems) = preProject
		packages\repositories.config = packages\repositories.config
	EndProjectSection
EndProject
Project("{FAE04EC0-301F-11D3-BF4B-00C04F79EFBC}") = "FakeXrmEasy.2013", "FakeXrmEasy.2013\FakeXrmEasy.2013.csproj", "{112188E6-C759-4B2E-B5AE-54E722E26806}"
EndProject
Project("{FAE04EC0-301F-11D3-BF4B-00C04F79EFBC}") = "FakeXrmEasy.Tests.2013", "FakeXrmEasy.Tests.2013\FakeXrmEasy.Tests.2013.csproj", "{5211B83C-12A0-423F-B8CF-61F9C650F525}"
EndProject
Project("{FAE04EC0-301F-11D3-BF4B-00C04F79EFBC}") = "FakeXrmEasy.2015", "FakeXrmEasy.2015\FakeXrmEasy.2015.csproj", "{EFD34E08-A235-462E-A853-BD9559112C15}"
EndProject
Project("{FAE04EC0-301F-11D3-BF4B-00C04F79EFBC}") = "FakeXrmEasy.Tests.2015", "FakeXrmEasy.Tests.2015\FakeXrmEasy.Tests.2015.csproj", "{19A1F076-FBE5-42FD-9792-B98D90615B6F}"
EndProject
Project("{FAE04EC0-301F-11D3-BF4B-00C04F79EFBC}") = "FakeXrmEasy.2016", "FakeXrmEasy.2016\FakeXrmEasy.2016.csproj", "{08798EE6-7D8C-478E-A102-9424AD5DD321}"
EndProject
Project("{FAE04EC0-301F-11D3-BF4B-00C04F79EFBC}") = "FakeXrmEasy.Tests.2016", "FakeXrmEasy.Tests.2016\FakeXrmEasy.Tests.2016.csproj", "{590B304F-64CD-4112-B067-F3F8DB6B09D3}"
EndProject
Project("{D954291E-2A0B-460D-934E-DC6B0785DB48}") = "FakeXrmEasy.Shared", "FakeXrmEasy.Shared\FakeXrmEasy.Shared.shproj", "{D659CC6B-7192-4236-AE49-92881F9BE563}"
EndProject
Project("{D954291E-2A0B-460D-934E-DC6B0785DB48}") = "FakeXrmEasy.Tests.Shared", "FakeXrmEasy.Tests.Shared\FakeXrmEasy.Tests.Shared.shproj", "{3D747BA8-0C4C-456B-8C3B-F4320E256E55}"
EndProject
Global
	GlobalSection(SharedMSBuildProjectFiles) = preSolution
		FakeXrmEasy.Shared\FakeXrmEasy.Shared.projitems*{112188e6-c759-4b2e-b5ae-54e722e26806}*SharedItemsImports = 4
		FakeXrmEasy.Tests.Shared\FakeXrmEasy.Tests.Shared.projitems*{3f49c92f-f830-4e59-8042-6a7720367c19}*SharedItemsImports = 4
		FakeXrmEasy.Tests.Shared\FakeXrmEasy.Tests.Shared.projitems*{3d747ba8-0c4c-456b-8c3b-f4320e256e55}*SharedItemsImports = 13
		FakeXrmEasy.Tests.Shared\FakeXrmEasy.Tests.Shared.projitems*{590b304f-64cd-4112-b067-f3f8db6b09d3}*SharedItemsImports = 4
		FakeXrmEasy.Shared\FakeXrmEasy.Shared.projitems*{08798ee6-7d8c-478e-a102-9424ad5dd321}*SharedItemsImports = 4
		FakeXrmEasy.Shared\FakeXrmEasy.Shared.projitems*{efd34e08-a235-462e-a853-bd9559112c15}*SharedItemsImports = 4
		FakeXrmEasy.Tests.Shared\FakeXrmEasy.Tests.Shared.projitems*{5211b83c-12a0-423f-b8cf-61f9c650f525}*SharedItemsImports = 4
		FakeXrmEasy.Shared\FakeXrmEasy.Shared.projitems*{d659cc6b-7192-4236-ae49-92881f9be563}*SharedItemsImports = 13
		FakeXrmEasy.Tests.Shared\FakeXrmEasy.Tests.Shared.projitems*{19a1f076-fbe5-42fd-9792-b98d90615b6f}*SharedItemsImports = 4
		FakeXrmEasy.Shared\FakeXrmEasy.Shared.projitems*{1ff34479-d38a-4b6b-86a7-b48182403437}*SharedItemsImports = 4
	EndGlobalSection
	GlobalSection(SolutionConfigurationPlatforms) = preSolution
		Debug|Any CPU = Debug|Any CPU
		Release|Any CPU = Release|Any CPU
	EndGlobalSection
	GlobalSection(ProjectConfigurationPlatforms) = postSolution
		{1FF34479-D38A-4B6B-86A7-B48182403437}.Debug|Any CPU.ActiveCfg = Debug|Any CPU
		{1FF34479-D38A-4B6B-86A7-B48182403437}.Debug|Any CPU.Build.0 = Debug|Any CPU
		{1FF34479-D38A-4B6B-86A7-B48182403437}.Release|Any CPU.ActiveCfg = Release|Any CPU
		{1FF34479-D38A-4B6B-86A7-B48182403437}.Release|Any CPU.Build.0 = Release|Any CPU
		{3F49C92F-F830-4E59-8042-6A7720367C19}.Debug|Any CPU.ActiveCfg = Debug|Any CPU
		{3F49C92F-F830-4E59-8042-6A7720367C19}.Debug|Any CPU.Build.0 = Debug|Any CPU
		{3F49C92F-F830-4E59-8042-6A7720367C19}.Release|Any CPU.ActiveCfg = Release|Any CPU
		{3F49C92F-F830-4E59-8042-6A7720367C19}.Release|Any CPU.Build.0 = Release|Any CPU
		{112188E6-C759-4B2E-B5AE-54E722E26806}.Debug|Any CPU.ActiveCfg = Debug|Any CPU
		{112188E6-C759-4B2E-B5AE-54E722E26806}.Debug|Any CPU.Build.0 = Debug|Any CPU
		{112188E6-C759-4B2E-B5AE-54E722E26806}.Release|Any CPU.ActiveCfg = Release|Any CPU
		{112188E6-C759-4B2E-B5AE-54E722E26806}.Release|Any CPU.Build.0 = Release|Any CPU
		{5211B83C-12A0-423F-B8CF-61F9C650F525}.Debug|Any CPU.ActiveCfg = Debug|Any CPU
		{5211B83C-12A0-423F-B8CF-61F9C650F525}.Debug|Any CPU.Build.0 = Debug|Any CPU
		{5211B83C-12A0-423F-B8CF-61F9C650F525}.Release|Any CPU.ActiveCfg = Release|Any CPU
		{5211B83C-12A0-423F-B8CF-61F9C650F525}.Release|Any CPU.Build.0 = Release|Any CPU
		{EFD34E08-A235-462E-A853-BD9559112C15}.Debug|Any CPU.ActiveCfg = Debug|Any CPU
		{EFD34E08-A235-462E-A853-BD9559112C15}.Debug|Any CPU.Build.0 = Debug|Any CPU
		{EFD34E08-A235-462E-A853-BD9559112C15}.Release|Any CPU.ActiveCfg = Release|Any CPU
		{EFD34E08-A235-462E-A853-BD9559112C15}.Release|Any CPU.Build.0 = Release|Any CPU
		{19A1F076-FBE5-42FD-9792-B98D90615B6F}.Debug|Any CPU.ActiveCfg = Debug|Any CPU
		{19A1F076-FBE5-42FD-9792-B98D90615B6F}.Debug|Any CPU.Build.0 = Debug|Any CPU
		{19A1F076-FBE5-42FD-9792-B98D90615B6F}.Release|Any CPU.ActiveCfg = Release|Any CPU
		{19A1F076-FBE5-42FD-9792-B98D90615B6F}.Release|Any CPU.Build.0 = Release|Any CPU
		{08798EE6-7D8C-478E-A102-9424AD5DD321}.Debug|Any CPU.ActiveCfg = Debug|Any CPU
		{08798EE6-7D8C-478E-A102-9424AD5DD321}.Debug|Any CPU.Build.0 = Debug|Any CPU
		{08798EE6-7D8C-478E-A102-9424AD5DD321}.Release|Any CPU.ActiveCfg = Release|Any CPU
		{08798EE6-7D8C-478E-A102-9424AD5DD321}.Release|Any CPU.Build.0 = Release|Any CPU
		{590B304F-64CD-4112-B067-F3F8DB6B09D3}.Debug|Any CPU.ActiveCfg = Debug|Any CPU
		{590B304F-64CD-4112-B067-F3F8DB6B09D3}.Debug|Any CPU.Build.0 = Debug|Any CPU
		{590B304F-64CD-4112-B067-F3F8DB6B09D3}.Release|Any CPU.ActiveCfg = Release|Any CPU
		{590B304F-64CD-4112-B067-F3F8DB6B09D3}.Release|Any CPU.Build.0 = Release|Any CPU
	EndGlobalSection
	GlobalSection(SolutionProperties) = preSolution
		HideSolutionNode = FALSE
	EndGlobalSection
	GlobalSection(NestedProjects) = preSolution
		{F2B94F3A-7821-4BE1-8BAC-2B7FA07FEA93} = {FF0FD95B-2DB2-4E05-A1AB-4FBFB515C7F8}
	EndGlobalSection
EndGlobal
